// !$*UTF8*$!
{
	archiveVersion = 1;
	classes = {
	};
	objectVersion = 52;
	objects = {

/* Begin PBXBuildFile section */
		51C9D256B9C603D04393A693 /* Pods_OntheMap_v1_1.framework in Frameworks */ = {isa = PBXBuildFile; fileRef = 8FA6E643EC8B596B00B9C520 /* Pods_OntheMap_v1_1.framework */; };
		8F3F6C722434A39000857265 /* OnTheMapClient.swift in Sources */ = {isa = PBXBuildFile; fileRef = 8F3F6C712434A39000857265 /* OnTheMapClient.swift */; };
		8F41963C244CC1DC002FE60E /* GoogleService-info.plist in Resources */ = {isa = PBXBuildFile; fileRef = 8F41963B244CC1DC002FE60E /* GoogleService-info.plist */; };
		8F419695244F8164002FE60E /* Keychainitem.swift in Sources */ = {isa = PBXBuildFile; fileRef = 8F419694244F8164002FE60E /* Keychainitem.swift */; };
		8F5515752466C2E600507569 /* SessionResponse.swift in Sources */ = {isa = PBXBuildFile; fileRef = 8F5515742466C2E600507569 /* SessionResponse.swift */; };
		8F55157D2469DB8700507569 /* UdacityResponse.swift in Sources */ = {isa = PBXBuildFile; fileRef = 8F55157C2469DB8700507569 /* UdacityResponse.swift */; };
		8F55157F2469DD1200507569 /* loginRequest.swift in Sources */ = {isa = PBXBuildFile; fileRef = 8F55157E2469DD1200507569 /* loginRequest.swift */; };
		8F551585246B181000507569 /* StudentInformation.swift in Sources */ = {isa = PBXBuildFile; fileRef = 8F551584246B181000507569 /* StudentInformation.swift */; };
		8FB1866B241FE2F80003EDA8 /* AppDelegate.swift in Sources */ = {isa = PBXBuildFile; fileRef = 8FB1866A241FE2F80003EDA8 /* AppDelegate.swift */; };
		8FB1866D241FE2F80003EDA8 /* SceneDelegate.swift in Sources */ = {isa = PBXBuildFile; fileRef = 8FB1866C241FE2F80003EDA8 /* SceneDelegate.swift */; };
		8FB1866F241FE2F80003EDA8 /* LoginViewController.swift in Sources */ = {isa = PBXBuildFile; fileRef = 8FB1866E241FE2F80003EDA8 /* LoginViewController.swift */; };
		8FB18672241FE2F80003EDA8 /* Main.storyboard in Resources */ = {isa = PBXBuildFile; fileRef = 8FB18670241FE2F80003EDA8 /* Main.storyboard */; };
		8FB18674241FE2FA0003EDA8 /* Assets.xcassets in Resources */ = {isa = PBXBuildFile; fileRef = 8FB18673241FE2FA0003EDA8 /* Assets.xcassets */; };
		8FB18677241FE2FA0003EDA8 /* LaunchScreen.storyboard in Resources */ = {isa = PBXBuildFile; fileRef = 8FB18675241FE2FA0003EDA8 /* LaunchScreen.storyboard */; };
		8FB18682241FE2FA0003EDA8 /* OntheMap_v1_1Tests.swift in Sources */ = {isa = PBXBuildFile; fileRef = 8FB18681241FE2FA0003EDA8 /* OntheMap_v1_1Tests.swift */; };
		8FB1868D241FE2FA0003EDA8 /* OntheMap_v1_1UITests.swift in Sources */ = {isa = PBXBuildFile; fileRef = 8FB1868C241FE2FA0003EDA8 /* OntheMap_v1_1UITests.swift */; };
		8FC506F52457649B00C5E1BF /* TabBarController.swift in Sources */ = {isa = PBXBuildFile; fileRef = 8FC506F42457649B00C5E1BF /* TabBarController.swift */; };
		8FF82B7624575AC800CB12BF /* MapViewController.swift in Sources */ = {isa = PBXBuildFile; fileRef = 8FF82B7524575AC800CB12BF /* MapViewController.swift */; };
		8FF82B7824575AD300CB12BF /* ListViewController.swift in Sources */ = {isa = PBXBuildFile; fileRef = 8FF82B7724575AD300CB12BF /* ListViewController.swift */; };
/* End PBXBuildFile section */

/* Begin PBXContainerItemProxy section */
		8FB1867E241FE2FA0003EDA8 /* PBXContainerItemProxy */ = {
			isa = PBXContainerItemProxy;
			containerPortal = 8FB1865F241FE2F80003EDA8 /* Project object */;
			proxyType = 1;
			remoteGlobalIDString = 8FB18666241FE2F80003EDA8;
			remoteInfo = OntheMap_v1.1;
		};
		8FB18689241FE2FA0003EDA8 /* PBXContainerItemProxy */ = {
			isa = PBXContainerItemProxy;
			containerPortal = 8FB1865F241FE2F80003EDA8 /* Project object */;
			proxyType = 1;
			remoteGlobalIDString = 8FB18666241FE2F80003EDA8;
			remoteInfo = OntheMap_v1.1;
		};
/* End PBXContainerItemProxy section */

/* Begin PBXFileReference section */
		043BCB4999CD1FD8EEE7E5EE /* Pods-OntheMap_v1.1.release.xcconfig */ = {isa = PBXFileReference; includeInIndex = 1; lastKnownFileType = text.xcconfig; name = "Pods-OntheMap_v1.1.release.xcconfig"; path = "Target Support Files/Pods-OntheMap_v1.1/Pods-OntheMap_v1.1.release.xcconfig"; sourceTree = "<group>"; };
		340D76B036C6052CF6F9C4E1 /* Pods-OntheMap_v1.1.debug.xcconfig */ = {isa = PBXFileReference; includeInIndex = 1; lastKnownFileType = text.xcconfig; name = "Pods-OntheMap_v1.1.debug.xcconfig"; path = "Target Support Files/Pods-OntheMap_v1.1/Pods-OntheMap_v1.1.debug.xcconfig"; sourceTree = "<group>"; };
		8F3F6C712434A39000857265 /* OnTheMapClient.swift */ = {isa = PBXFileReference; lastKnownFileType = sourcecode.swift; path = OnTheMapClient.swift; sourceTree = "<group>"; };
		8F41963B244CC1DC002FE60E /* GoogleService-info.plist */ = {isa = PBXFileReference; lastKnownFileType = text.plist.xml; path = "GoogleService-info.plist"; sourceTree = SOURCE_ROOT; };
		8F419692244F6747002FE60E /* OntheMap_v1.1.entitlements */ = {isa = PBXFileReference; lastKnownFileType = text.plist.entitlements; path = OntheMap_v1.1.entitlements; sourceTree = "<group>"; };
		8F419694244F8164002FE60E /* Keychainitem.swift */ = {isa = PBXFileReference; lastKnownFileType = sourcecode.swift; path = Keychainitem.swift; sourceTree = "<group>"; };
		8F5515742466C2E600507569 /* SessionResponse.swift */ = {isa = PBXFileReference; lastKnownFileType = sourcecode.swift; path = SessionResponse.swift; sourceTree = "<group>"; };
		8F55157C2469DB8700507569 /* UdacityResponse.swift */ = {isa = PBXFileReference; lastKnownFileType = sourcecode.swift; path = UdacityResponse.swift; sourceTree = "<group>"; };
		8F55157E2469DD1200507569 /* loginRequest.swift */ = {isa = PBXFileReference; lastKnownFileType = sourcecode.swift; path = loginRequest.swift; sourceTree = "<group>"; };
		8F551584246B181000507569 /* StudentInformation.swift */ = {isa = PBXFileReference; lastKnownFileType = sourcecode.swift; path = StudentInformation.swift; sourceTree = "<group>"; };
		8FA6E643EC8B596B00B9C520 /* Pods_OntheMap_v1_1.framework */ = {isa = PBXFileReference; explicitFileType = wrapper.framework; includeInIndex = 0; path = Pods_OntheMap_v1_1.framework; sourceTree = BUILT_PRODUCTS_DIR; };
		8FB18667241FE2F80003EDA8 /* OntheMap_v1.1.app */ = {isa = PBXFileReference; explicitFileType = wrapper.application; includeInIndex = 0; path = OntheMap_v1.1.app; sourceTree = BUILT_PRODUCTS_DIR; };
		8FB1866A241FE2F80003EDA8 /* AppDelegate.swift */ = {isa = PBXFileReference; lastKnownFileType = sourcecode.swift; path = AppDelegate.swift; sourceTree = "<group>"; };
		8FB1866C241FE2F80003EDA8 /* SceneDelegate.swift */ = {isa = PBXFileReference; lastKnownFileType = sourcecode.swift; path = SceneDelegate.swift; sourceTree = "<group>"; };
		8FB1866E241FE2F80003EDA8 /* LoginViewController.swift */ = {isa = PBXFileReference; lastKnownFileType = sourcecode.swift; path = LoginViewController.swift; sourceTree = "<group>"; };
		8FB18671241FE2F80003EDA8 /* Base */ = {isa = PBXFileReference; lastKnownFileType = file.storyboard; name = Base; path = Base.lproj/Main.storyboard; sourceTree = "<group>"; };
		8FB18673241FE2FA0003EDA8 /* Assets.xcassets */ = {isa = PBXFileReference; lastKnownFileType = folder.assetcatalog; path = Assets.xcassets; sourceTree = "<group>"; };
		8FB18676241FE2FA0003EDA8 /* Base */ = {isa = PBXFileReference; lastKnownFileType = file.storyboard; name = Base; path = Base.lproj/LaunchScreen.storyboard; sourceTree = "<group>"; };
		8FB18678241FE2FA0003EDA8 /* Info.plist */ = {isa = PBXFileReference; lastKnownFileType = text.plist.xml; path = Info.plist; sourceTree = "<group>"; };
		8FB1867D241FE2FA0003EDA8 /* OntheMap_v1.1Tests.xctest */ = {isa = PBXFileReference; explicitFileType = wrapper.cfbundle; includeInIndex = 0; path = OntheMap_v1.1Tests.xctest; sourceTree = BUILT_PRODUCTS_DIR; };
		8FB18681241FE2FA0003EDA8 /* OntheMap_v1_1Tests.swift */ = {isa = PBXFileReference; lastKnownFileType = sourcecode.swift; path = OntheMap_v1_1Tests.swift; sourceTree = "<group>"; };
		8FB18683241FE2FA0003EDA8 /* Info.plist */ = {isa = PBXFileReference; lastKnownFileType = text.plist.xml; path = Info.plist; sourceTree = "<group>"; };
		8FB18688241FE2FA0003EDA8 /* OntheMap_v1.1UITests.xctest */ = {isa = PBXFileReference; explicitFileType = wrapper.cfbundle; includeInIndex = 0; path = OntheMap_v1.1UITests.xctest; sourceTree = BUILT_PRODUCTS_DIR; };
		8FB1868C241FE2FA0003EDA8 /* OntheMap_v1_1UITests.swift */ = {isa = PBXFileReference; lastKnownFileType = sourcecode.swift; path = OntheMap_v1_1UITests.swift; sourceTree = "<group>"; };
		8FB1868E241FE2FA0003EDA8 /* Info.plist */ = {isa = PBXFileReference; lastKnownFileType = text.plist.xml; path = Info.plist; sourceTree = "<group>"; };
		8FC506F42457649B00C5E1BF /* TabBarController.swift */ = {isa = PBXFileReference; lastKnownFileType = sourcecode.swift; path = TabBarController.swift; sourceTree = "<group>"; };
		8FF82B7524575AC800CB12BF /* MapViewController.swift */ = {isa = PBXFileReference; lastKnownFileType = sourcecode.swift; path = MapViewController.swift; sourceTree = "<group>"; };
		8FF82B7724575AD300CB12BF /* ListViewController.swift */ = {isa = PBXFileReference; lastKnownFileType = sourcecode.swift; path = ListViewController.swift; sourceTree = "<group>"; };
/* End PBXFileReference section */

/* Begin PBXFrameworksBuildPhase section */
		8FB18664241FE2F80003EDA8 /* Frameworks */ = {
			isa = PBXFrameworksBuildPhase;
			buildActionMask = 2147483647;
			files = (
				51C9D256B9C603D04393A693 /* Pods_OntheMap_v1_1.framework in Frameworks */,
			);
			runOnlyForDeploymentPostprocessing = 0;
		};
		8FB1867A241FE2FA0003EDA8 /* Frameworks */ = {
			isa = PBXFrameworksBuildPhase;
			buildActionMask = 2147483647;
			files = (
			);
			runOnlyForDeploymentPostprocessing = 0;
		};
		8FB18685241FE2FA0003EDA8 /* Frameworks */ = {
			isa = PBXFrameworksBuildPhase;
			buildActionMask = 2147483647;
			files = (
			);
			runOnlyForDeploymentPostprocessing = 0;
		};
/* End PBXFrameworksBuildPhase section */

/* Begin PBXGroup section */
		6F023C4276D3BE408A9C3579 /* Pods */ = {
			isa = PBXGroup;
			children = (
				340D76B036C6052CF6F9C4E1 /* Pods-OntheMap_v1.1.debug.xcconfig */,
				043BCB4999CD1FD8EEE7E5EE /* Pods-OntheMap_v1.1.release.xcconfig */,
			);
			path = Pods;
			sourceTree = "<group>";
		};
		84CC7D559A2FE7B9DAFBD42D /* Frameworks */ = {
			isa = PBXGroup;
			children = (
				8FA6E643EC8B596B00B9C520 /* Pods_OntheMap_v1_1.framework */,
			);
			name = Frameworks;
			sourceTree = "<group>";
		};
		8F419693244F814E002FE60E /* Supporting Files */ = {
			isa = PBXGroup;
			children = (
				8F419694244F8164002FE60E /* Keychainitem.swift */,
			);
			path = "Supporting Files";
			sourceTree = "<group>";
		};
		8F5515812469E3A300507569 /* OnTheMapRequests */ = {
			isa = PBXGroup;
			children = (
				8F55157E2469DD1200507569 /* loginRequest.swift */,
			);
			path = OnTheMapRequests;
			sourceTree = "<group>";
		};
		8F5515822469E3B100507569 /* OnTheMapResponses */ = {
			isa = PBXGroup;
			children = (
				8F551584246B181000507569 /* StudentInformation.swift */,
				8F5515742466C2E600507569 /* SessionResponse.swift */,
				8F55157C2469DB8700507569 /* UdacityResponse.swift */,
			);
			path = OnTheMapResponses;
			sourceTree = "<group>";
		};
		8F5515832469E47200507569 /* OnTheMapClient */ = {
			isa = PBXGroup;
			children = (
				8F3F6C712434A39000857265 /* OnTheMapClient.swift */,
			);
			path = OnTheMapClient;
			sourceTree = "<group>";
		};
		8FB1865E241FE2F80003EDA8 = {
			isa = PBXGroup;
			children = (
				8FB18669241FE2F80003EDA8 /* OntheMap_v1.1 */,
				8FB18680241FE2FA0003EDA8 /* OntheMap_v1.1Tests */,
				8FB1868B241FE2FA0003EDA8 /* OntheMap_v1.1UITests */,
				8FB18668241FE2F80003EDA8 /* Products */,
				6F023C4276D3BE408A9C3579 /* Pods */,
				84CC7D559A2FE7B9DAFBD42D /* Frameworks */,
			);
			sourceTree = "<group>";
		};
		8FB18668241FE2F80003EDA8 /* Products */ = {
			isa = PBXGroup;
			children = (
				8FB18667241FE2F80003EDA8 /* OntheMap_v1.1.app */,
				8FB1867D241FE2FA0003EDA8 /* OntheMap_v1.1Tests.xctest */,
				8FB18688241FE2FA0003EDA8 /* OntheMap_v1.1UITests.xctest */,
			);
			name = Products;
			sourceTree = "<group>";
		};
		8FB18669241FE2F80003EDA8 /* OntheMap_v1.1 */ = {
			isa = PBXGroup;
			children = (
				8F419692244F6747002FE60E /* OntheMap_v1.1.entitlements */,
				8FFCBC8B242F3D1100DF7891 /* View */,
				8F5515812469E3A300507569 /* OnTheMapRequests */,
				8F5515822469E3B100507569 /* OnTheMapResponses */,
				8F5515832469E47200507569 /* OnTheMapClient */,
				8FFCBC8C242F3D1700DF7891 /* Controller */,
				8FB18678241FE2FA0003EDA8 /* Info.plist */,
				8F41963B244CC1DC002FE60E /* GoogleService-info.plist */,
				8F419693244F814E002FE60E /* Supporting Files */,
			);
			path = OntheMap_v1.1;
			sourceTree = "<group>";
		};
		8FB18680241FE2FA0003EDA8 /* OntheMap_v1.1Tests */ = {
			isa = PBXGroup;
			children = (
				8FB18681241FE2FA0003EDA8 /* OntheMap_v1_1Tests.swift */,
				8FB18683241FE2FA0003EDA8 /* Info.plist */,
			);
			path = OntheMap_v1.1Tests;
			sourceTree = "<group>";
		};
		8FB1868B241FE2FA0003EDA8 /* OntheMap_v1.1UITests */ = {
			isa = PBXGroup;
			children = (
				8FB1868C241FE2FA0003EDA8 /* OntheMap_v1_1UITests.swift */,
				8FB1868E241FE2FA0003EDA8 /* Info.plist */,
			);
			path = OntheMap_v1.1UITests;
			sourceTree = "<group>";
		};
		8FFCBC8B242F3D1100DF7891 /* View */ = {
			isa = PBXGroup;
			children = (
				8FB18670241FE2F80003EDA8 /* Main.storyboard */,
				8FB18675241FE2FA0003EDA8 /* LaunchScreen.storyboard */,
				8FB18673241FE2FA0003EDA8 /* Assets.xcassets */,
			);
			path = View;
			sourceTree = "<group>";
		};
		8FFCBC8C242F3D1700DF7891 /* Controller */ = {
			isa = PBXGroup;
			children = (
				8FB1866A241FE2F80003EDA8 /* AppDelegate.swift */,
				8FB1866C241FE2F80003EDA8 /* SceneDelegate.swift */,
				8FB1866E241FE2F80003EDA8 /* LoginViewController.swift */,
				8FF82B7724575AD300CB12BF /* ListViewController.swift */,
				8FF82B7524575AC800CB12BF /* MapViewController.swift */,
				8FC506F42457649B00C5E1BF /* TabBarController.swift */,
			);
			path = Controller;
			sourceTree = "<group>";
		};
/* End PBXGroup section */

/* Begin PBXNativeTarget section */
		8FB18666241FE2F80003EDA8 /* OntheMap_v1.1 */ = {
			isa = PBXNativeTarget;
			buildConfigurationList = 8FB18691241FE2FA0003EDA8 /* Build configuration list for PBXNativeTarget "OntheMap_v1.1" */;
			buildPhases = (
				89934132C288EFD2EB2EBB18 /* [CP] Check Pods Manifest.lock */,
				8FB18663241FE2F80003EDA8 /* Sources */,
				8FB18664241FE2F80003EDA8 /* Frameworks */,
				8FB18665241FE2F80003EDA8 /* Resources */,
				587E32AE4739E274A00D4194 /* [CP] Embed Pods Frameworks */,
				66554DF647197246160C718D /* [CP] Copy Pods Resources */,
			);
			buildRules = (
			);
			dependencies = (
			);
			name = OntheMap_v1.1;
			productName = OntheMap_v1.1;
			productReference = 8FB18667241FE2F80003EDA8 /* OntheMap_v1.1.app */;
			productType = "com.apple.product-type.application";
		};
		8FB1867C241FE2FA0003EDA8 /* OntheMap_v1.1Tests */ = {
			isa = PBXNativeTarget;
			buildConfigurationList = 8FB18694241FE2FA0003EDA8 /* Build configuration list for PBXNativeTarget "OntheMap_v1.1Tests" */;
			buildPhases = (
				8FB18679241FE2FA0003EDA8 /* Sources */,
				8FB1867A241FE2FA0003EDA8 /* Frameworks */,
				8FB1867B241FE2FA0003EDA8 /* Resources */,
			);
			buildRules = (
			);
			dependencies = (
				8FB1867F241FE2FA0003EDA8 /* PBXTargetDependency */,
			);
			name = OntheMap_v1.1Tests;
			productName = OntheMap_v1.1Tests;
			productReference = 8FB1867D241FE2FA0003EDA8 /* OntheMap_v1.1Tests.xctest */;
			productType = "com.apple.product-type.bundle.unit-test";
		};
		8FB18687241FE2FA0003EDA8 /* OntheMap_v1.1UITests */ = {
			isa = PBXNativeTarget;
			buildConfigurationList = 8FB18697241FE2FA0003EDA8 /* Build configuration list for PBXNativeTarget "OntheMap_v1.1UITests" */;
			buildPhases = (
				8FB18684241FE2FA0003EDA8 /* Sources */,
				8FB18685241FE2FA0003EDA8 /* Frameworks */,
				8FB18686241FE2FA0003EDA8 /* Resources */,
			);
			buildRules = (
			);
			dependencies = (
				8FB1868A241FE2FA0003EDA8 /* PBXTargetDependency */,
			);
			name = OntheMap_v1.1UITests;
			productName = OntheMap_v1.1UITests;
			productReference = 8FB18688241FE2FA0003EDA8 /* OntheMap_v1.1UITests.xctest */;
			productType = "com.apple.product-type.bundle.ui-testing";
		};
/* End PBXNativeTarget section */

/* Begin PBXProject section */
		8FB1865F241FE2F80003EDA8 /* Project object */ = {
			isa = PBXProject;
			attributes = {
				LastSwiftUpdateCheck = 1130;
				LastUpgradeCheck = 1130;
				ORGANIZATIONNAME = "Do Hyung Joo";
				TargetAttributes = {
					8FB18666241FE2F80003EDA8 = {
						CreatedOnToolsVersion = 11.3.1;
					};
					8FB1867C241FE2FA0003EDA8 = {
						CreatedOnToolsVersion = 11.3.1;
						TestTargetID = 8FB18666241FE2F80003EDA8;
					};
					8FB18687241FE2FA0003EDA8 = {
						CreatedOnToolsVersion = 11.3.1;
						TestTargetID = 8FB18666241FE2F80003EDA8;
					};
				};
			};
			buildConfigurationList = 8FB18662241FE2F80003EDA8 /* Build configuration list for PBXProject "OntheMap_v1.1" */;
			compatibilityVersion = "Xcode 11.0";
			developmentRegion = en;
			hasScannedForEncodings = 0;
			knownRegions = (
				en,
				Base,
			);
			mainGroup = 8FB1865E241FE2F80003EDA8;
			productRefGroup = 8FB18668241FE2F80003EDA8 /* Products */;
			projectDirPath = "";
			projectRoot = "";
			targets = (
				8FB18666241FE2F80003EDA8 /* OntheMap_v1.1 */,
				8FB1867C241FE2FA0003EDA8 /* OntheMap_v1.1Tests */,
				8FB18687241FE2FA0003EDA8 /* OntheMap_v1.1UITests */,
			);
		};
/* End PBXProject section */

/* Begin PBXResourcesBuildPhase section */
		8FB18665241FE2F80003EDA8 /* Resources */ = {
			isa = PBXResourcesBuildPhase;
			buildActionMask = 2147483647;
			files = (
				8FB18677241FE2FA0003EDA8 /* LaunchScreen.storyboard in Resources */,
				8F41963C244CC1DC002FE60E /* GoogleService-info.plist in Resources */,
				8FB18674241FE2FA0003EDA8 /* Assets.xcassets in Resources */,
				8FB18672241FE2F80003EDA8 /* Main.storyboard in Resources */,
			);
			runOnlyForDeploymentPostprocessing = 0;
		};
		8FB1867B241FE2FA0003EDA8 /* Resources */ = {
			isa = PBXResourcesBuildPhase;
			buildActionMask = 2147483647;
			files = (
			);
			runOnlyForDeploymentPostprocessing = 0;
		};
		8FB18686241FE2FA0003EDA8 /* Resources */ = {
			isa = PBXResourcesBuildPhase;
			buildActionMask = 2147483647;
			files = (
			);
			runOnlyForDeploymentPostprocessing = 0;
		};
/* End PBXResourcesBuildPhase section */

/* Begin PBXShellScriptBuildPhase section */
		587E32AE4739E274A00D4194 /* [CP] Embed Pods Frameworks */ = {
			isa = PBXShellScriptBuildPhase;
			buildActionMask = 2147483647;
			files = (
			);
			inputFileListPaths = (
				"${PODS_ROOT}/Target Support Files/Pods-OntheMap_v1.1/Pods-OntheMap_v1.1-frameworks-${CONFIGURATION}-input-files.xcfilelist",
			);
			name = "[CP] Embed Pods Frameworks";
			outputFileListPaths = (
				"${PODS_ROOT}/Target Support Files/Pods-OntheMap_v1.1/Pods-OntheMap_v1.1-frameworks-${CONFIGURATION}-output-files.xcfilelist",
			);
			runOnlyForDeploymentPostprocessing = 0;
			shellPath = /bin/sh;
			shellScript = "\"${PODS_ROOT}/Target Support Files/Pods-OntheMap_v1.1/Pods-OntheMap_v1.1-frameworks.sh\"\n";
			showEnvVarsInLog = 0;
		};
		66554DF647197246160C718D /* [CP] Copy Pods Resources */ = {
			isa = PBXShellScriptBuildPhase;
			buildActionMask = 2147483647;
			files = (
			);
			inputFileListPaths = (
				"${PODS_ROOT}/Target Support Files/Pods-OntheMap_v1.1/Pods-OntheMap_v1.1-resources-${CONFIGURATION}-input-files.xcfilelist",
			);
			name = "[CP] Copy Pods Resources";
			outputFileListPaths = (
				"${PODS_ROOT}/Target Support Files/Pods-OntheMap_v1.1/Pods-OntheMap_v1.1-resources-${CONFIGURATION}-output-files.xcfilelist",
			);
			runOnlyForDeploymentPostprocessing = 0;
			shellPath = /bin/sh;
			shellScript = "\"${PODS_ROOT}/Target Support Files/Pods-OntheMap_v1.1/Pods-OntheMap_v1.1-resources.sh\"\n";
			showEnvVarsInLog = 0;
		};
		89934132C288EFD2EB2EBB18 /* [CP] Check Pods Manifest.lock */ = {
			isa = PBXShellScriptBuildPhase;
			buildActionMask = 2147483647;
			files = (
			);
			inputFileListPaths = (
			);
			inputPaths = (
				"${PODS_PODFILE_DIR_PATH}/Podfile.lock",
				"${PODS_ROOT}/Manifest.lock",
			);
			name = "[CP] Check Pods Manifest.lock";
			outputFileListPaths = (
			);
			outputPaths = (
				"$(DERIVED_FILE_DIR)/Pods-OntheMap_v1.1-checkManifestLockResult.txt",
			);
			runOnlyForDeploymentPostprocessing = 0;
			shellPath = /bin/sh;
			shellScript = "diff \"${PODS_PODFILE_DIR_PATH}/Podfile.lock\" \"${PODS_ROOT}/Manifest.lock\" > /dev/null\nif [ $? != 0 ] ; then\n    # print error to STDERR\n    echo \"error: The sandbox is not in sync with the Podfile.lock. Run 'pod install' or update your CocoaPods installation.\" >&2\n    exit 1\nfi\n# This output is used by Xcode 'outputs' to avoid re-running this script phase.\necho \"SUCCESS\" > \"${SCRIPT_OUTPUT_FILE_0}\"\n";
			showEnvVarsInLog = 0;
		};
/* End PBXShellScriptBuildPhase section */

/* Begin PBXSourcesBuildPhase section */
		8FB18663241FE2F80003EDA8 /* Sources */ = {
			isa = PBXSourcesBuildPhase;
			buildActionMask = 2147483647;
			files = (
				8F551585246B181000507569 /* StudentInformation.swift in Sources */,
				8F5515752466C2E600507569 /* SessionResponse.swift in Sources */,
				8F3F6C722434A39000857265 /* OnTheMapClient.swift in Sources */,
				8FC506F52457649B00C5E1BF /* TabBarController.swift in Sources */,
				8FB1866F241FE2F80003EDA8 /* LoginViewController.swift in Sources */,
				8F55157F2469DD1200507569 /* loginRequest.swift in Sources */,
				8F55157D2469DB8700507569 /* UdacityResponse.swift in Sources */,
				8FB1866B241FE2F80003EDA8 /* AppDelegate.swift in Sources */,
				8FF82B7824575AD300CB12BF /* ListViewController.swift in Sources */,
				8F419695244F8164002FE60E /* Keychainitem.swift in Sources */,
				8FB1866D241FE2F80003EDA8 /* SceneDelegate.swift in Sources */,
				8FF82B7624575AC800CB12BF /* MapViewController.swift in Sources */,
			);
			runOnlyForDeploymentPostprocessing = 0;
		};
		8FB18679241FE2FA0003EDA8 /* Sources */ = {
			isa = PBXSourcesBuildPhase;
			buildActionMask = 2147483647;
			files = (
				8FB18682241FE2FA0003EDA8 /* OntheMap_v1_1Tests.swift in Sources */,
			);
			runOnlyForDeploymentPostprocessing = 0;
		};
		8FB18684241FE2FA0003EDA8 /* Sources */ = {
			isa = PBXSourcesBuildPhase;
			buildActionMask = 2147483647;
			files = (
				8FB1868D241FE2FA0003EDA8 /* OntheMap_v1_1UITests.swift in Sources */,
			);
			runOnlyForDeploymentPostprocessing = 0;
		};
/* End PBXSourcesBuildPhase section */

/* Begin PBXTargetDependency section */
		8FB1867F241FE2FA0003EDA8 /* PBXTargetDependency */ = {
			isa = PBXTargetDependency;
			target = 8FB18666241FE2F80003EDA8 /* OntheMap_v1.1 */;
			targetProxy = 8FB1867E241FE2FA0003EDA8 /* PBXContainerItemProxy */;
		};
		8FB1868A241FE2FA0003EDA8 /* PBXTargetDependency */ = {
			isa = PBXTargetDependency;
			target = 8FB18666241FE2F80003EDA8 /* OntheMap_v1.1 */;
			targetProxy = 8FB18689241FE2FA0003EDA8 /* PBXContainerItemProxy */;
		};
/* End PBXTargetDependency section */

/* Begin PBXVariantGroup section */
		8FB18670241FE2F80003EDA8 /* Main.storyboard */ = {
			isa = PBXVariantGroup;
			children = (
				8FB18671241FE2F80003EDA8 /* Base */,
			);
			name = Main.storyboard;
			sourceTree = "<group>";
		};
		8FB18675241FE2FA0003EDA8 /* LaunchScreen.storyboard */ = {
			isa = PBXVariantGroup;
			children = (
				8FB18676241FE2FA0003EDA8 /* Base */,
			);
			name = LaunchScreen.storyboard;
			sourceTree = "<group>";
		};
/* End PBXVariantGroup section */

/* Begin XCBuildConfiguration section */
		8FB1868F241FE2FA0003EDA8 /* Debug */ = {
			isa = XCBuildConfiguration;
			buildSettings = {
				ALWAYS_SEARCH_USER_PATHS = NO;
				CLANG_ANALYZER_NONNULL = YES;
				CLANG_ANALYZER_NUMBER_OBJECT_CONVERSION = YES_AGGRESSIVE;
				CLANG_CXX_LANGUAGE_STANDARD = "gnu++14";
				CLANG_CXX_LIBRARY = "libc++";
				CLANG_ENABLE_MODULES = YES;
				CLANG_ENABLE_OBJC_ARC = YES;
				CLANG_ENABLE_OBJC_WEAK = YES;
				CLANG_WARN_BLOCK_CAPTURE_AUTORELEASING = YES;
				CLANG_WARN_BOOL_CONVERSION = YES;
				CLANG_WARN_COMMA = YES;
				CLANG_WARN_CONSTANT_CONVERSION = YES;
				CLANG_WARN_DEPRECATED_OBJC_IMPLEMENTATIONS = YES;
				CLANG_WARN_DIRECT_OBJC_ISA_USAGE = YES_ERROR;
				CLANG_WARN_DOCUMENTATION_COMMENTS = YES;
				CLANG_WARN_EMPTY_BODY = YES;
				CLANG_WARN_ENUM_CONVERSION = YES;
				CLANG_WARN_INFINITE_RECURSION = YES;
				CLANG_WARN_INT_CONVERSION = YES;
				CLANG_WARN_NON_LITERAL_NULL_CONVERSION = YES;
				CLANG_WARN_OBJC_IMPLICIT_RETAIN_SELF = YES;
				CLANG_WARN_OBJC_LITERAL_CONVERSION = YES;
				CLANG_WARN_OBJC_ROOT_CLASS = YES_ERROR;
				CLANG_WARN_RANGE_LOOP_ANALYSIS = YES;
				CLANG_WARN_STRICT_PROTOTYPES = YES;
				CLANG_WARN_SUSPICIOUS_MOVE = YES;
				CLANG_WARN_UNGUARDED_AVAILABILITY = YES_AGGRESSIVE;
				CLANG_WARN_UNREACHABLE_CODE = YES;
				CLANG_WARN__DUPLICATE_METHOD_MATCH = YES;
				COPY_PHASE_STRIP = NO;
				DEBUG_INFORMATION_FORMAT = dwarf;
				ENABLE_STRICT_OBJC_MSGSEND = YES;
				ENABLE_TESTABILITY = YES;
				GCC_C_LANGUAGE_STANDARD = gnu11;
				GCC_DYNAMIC_NO_PIC = NO;
				GCC_NO_COMMON_BLOCKS = YES;
				GCC_OPTIMIZATION_LEVEL = 0;
				GCC_PREPROCESSOR_DEFINITIONS = (
					"DEBUG=1",
					"$(inherited)",
				);
				GCC_WARN_64_TO_32_BIT_CONVERSION = YES;
				GCC_WARN_ABOUT_RETURN_TYPE = YES_ERROR;
				GCC_WARN_UNDECLARED_SELECTOR = YES;
				GCC_WARN_UNINITIALIZED_AUTOS = YES_AGGRESSIVE;
				GCC_WARN_UNUSED_FUNCTION = YES;
				GCC_WARN_UNUSED_VARIABLE = YES;
				IPHONEOS_DEPLOYMENT_TARGET = 13.2;
				MTL_ENABLE_DEBUG_INFO = INCLUDE_SOURCE;
				MTL_FAST_MATH = YES;
				ONLY_ACTIVE_ARCH = YES;
				SDKROOT = iphoneos;
				SWIFT_ACTIVE_COMPILATION_CONDITIONS = DEBUG;
				SWIFT_OPTIMIZATION_LEVEL = "-Onone";
			};
			name = Debug;
		};
		8FB18690241FE2FA0003EDA8 /* Release */ = {
			isa = XCBuildConfiguration;
			buildSettings = {
				ALWAYS_SEARCH_USER_PATHS = NO;
				CLANG_ANALYZER_NONNULL = YES;
				CLANG_ANALYZER_NUMBER_OBJECT_CONVERSION = YES_AGGRESSIVE;
				CLANG_CXX_LANGUAGE_STANDARD = "gnu++14";
				CLANG_CXX_LIBRARY = "libc++";
				CLANG_ENABLE_MODULES = YES;
				CLANG_ENABLE_OBJC_ARC = YES;
				CLANG_ENABLE_OBJC_WEAK = YES;
				CLANG_WARN_BLOCK_CAPTURE_AUTORELEASING = YES;
				CLANG_WARN_BOOL_CONVERSION = YES;
				CLANG_WARN_COMMA = YES;
				CLANG_WARN_CONSTANT_CONVERSION = YES;
				CLANG_WARN_DEPRECATED_OBJC_IMPLEMENTATIONS = YES;
				CLANG_WARN_DIRECT_OBJC_ISA_USAGE = YES_ERROR;
				CLANG_WARN_DOCUMENTATION_COMMENTS = YES;
				CLANG_WARN_EMPTY_BODY = YES;
				CLANG_WARN_ENUM_CONVERSION = YES;
				CLANG_WARN_INFINITE_RECURSION = YES;
				CLANG_WARN_INT_CONVERSION = YES;
				CLANG_WARN_NON_LITERAL_NULL_CONVERSION = YES;
				CLANG_WARN_OBJC_IMPLICIT_RETAIN_SELF = YES;
				CLANG_WARN_OBJC_LITERAL_CONVERSION = YES;
				CLANG_WARN_OBJC_ROOT_CLASS = YES_ERROR;
				CLANG_WARN_RANGE_LOOP_ANALYSIS = YES;
				CLANG_WARN_STRICT_PROTOTYPES = YES;
				CLANG_WARN_SUSPICIOUS_MOVE = YES;
				CLANG_WARN_UNGUARDED_AVAILABILITY = YES_AGGRESSIVE;
				CLANG_WARN_UNREACHABLE_CODE = YES;
				CLANG_WARN__DUPLICATE_METHOD_MATCH = YES;
				COPY_PHASE_STRIP = NO;
				DEBUG_INFORMATION_FORMAT = "dwarf-with-dsym";
				ENABLE_NS_ASSERTIONS = NO;
				ENABLE_STRICT_OBJC_MSGSEND = YES;
				GCC_C_LANGUAGE_STANDARD = gnu11;
				GCC_NO_COMMON_BLOCKS = YES;
				GCC_WARN_64_TO_32_BIT_CONVERSION = YES;
				GCC_WARN_ABOUT_RETURN_TYPE = YES_ERROR;
				GCC_WARN_UNDECLARED_SELECTOR = YES;
				GCC_WARN_UNINITIALIZED_AUTOS = YES_AGGRESSIVE;
				GCC_WARN_UNUSED_FUNCTION = YES;
				GCC_WARN_UNUSED_VARIABLE = YES;
				IPHONEOS_DEPLOYMENT_TARGET = 13.2;
				MTL_ENABLE_DEBUG_INFO = NO;
				MTL_FAST_MATH = YES;
				SDKROOT = iphoneos;
				SWIFT_COMPILATION_MODE = wholemodule;
				SWIFT_OPTIMIZATION_LEVEL = "-O";
				VALIDATE_PRODUCT = YES;
			};
			name = Release;
		};
		8FB18692241FE2FA0003EDA8 /* Debug */ = {
			isa = XCBuildConfiguration;
			baseConfigurationReference = 340D76B036C6052CF6F9C4E1 /* Pods-OntheMap_v1.1.debug.xcconfig */;
			buildSettings = {
				ASSETCATALOG_COMPILER_APPICON_NAME = AppIcon;
				CODE_SIGN_ENTITLEMENTS = OntheMap_v1.1/OntheMap_v1.1.entitlements;
				CODE_SIGN_STYLE = Automatic;
				DEVELOPMENT_TEAM = 5KQL8V98V9;
				INFOPLIST_FILE = OntheMap_v1.1/Info.plist;
				LD_RUNPATH_SEARCH_PATHS = (
					"$(inherited)",
					"@executable_path/Frameworks",
				);
				PRODUCT_BUNDLE_IDENTIFIER = "Do-Hyung-Joo.OntheMap-v1-1";
				PRODUCT_NAME = "$(TARGET_NAME)";
				SWIFT_VERSION = 5.0;
				TARGETED_DEVICE_FAMILY = "1,2";
			};
			name = Debug;
		};
		8FB18693241FE2FA0003EDA8 /* Release */ = {
			isa = XCBuildConfiguration;
			baseConfigurationReference = 043BCB4999CD1FD8EEE7E5EE /* Pods-OntheMap_v1.1.release.xcconfig */;
			buildSettings = {
				ASSETCATALOG_COMPILER_APPICON_NAME = AppIcon;
				CODE_SIGN_ENTITLEMENTS = OntheMap_v1.1/OntheMap_v1.1.entitlements;
				CODE_SIGN_STYLE = Automatic;
				DEVELOPMENT_TEAM = 5KQL8V98V9;
				INFOPLIST_FILE = OntheMap_v1.1/Info.plist;
				LD_RUNPATH_SEARCH_PATHS = (
					"$(inherited)",
					"@executable_path/Frameworks",
				);
				PRODUCT_BUNDLE_IDENTIFIER = "Do-Hyung-Joo.OntheMap-v1-1";
				PRODUCT_NAME = "$(TARGET_NAME)";
				SWIFT_VERSION = 5.0;
				TARGETED_DEVICE_FAMILY = "1,2";
			};
			name = Release;
		};
		8FB18695241FE2FA0003EDA8 /* Debug */ = {
			isa = XCBuildConfiguration;
			buildSettings = {
				ALWAYS_EMBED_SWIFT_STANDARD_LIBRARIES = YES;
				BUNDLE_LOADER = "$(TEST_HOST)";
				CODE_SIGN_STYLE = Automatic;
				DEVELOPMENT_TEAM = 5KQL8V98V9;
				INFOPLIST_FILE = OntheMap_v1.1Tests/Info.plist;
				IPHONEOS_DEPLOYMENT_TARGET = 13.2;
				LD_RUNPATH_SEARCH_PATHS = (
					"$(inherited)",
					"@executable_path/Frameworks",
					"@loader_path/Frameworks",
				);
				PRODUCT_BUNDLE_IDENTIFIER = "Do-Hyung-Joo.OntheMap-v1-1Tests";
				PRODUCT_NAME = "$(TARGET_NAME)";
				SWIFT_VERSION = 5.0;
				TARGETED_DEVICE_FAMILY = "1,2";
				TEST_HOST = "$(BUILT_PRODUCTS_DIR)/OntheMap_v1.1.app/OntheMap_v1.1";
			};
			name = Debug;
		};
		8FB18696241FE2FA0003EDA8 /* Release */ = {
			isa = XCBuildConfiguration;
			buildSettings = {
				ALWAYS_EMBED_SWIFT_STANDARD_LIBRARIES = YES;
				BUNDLE_LOADER = "$(TEST_HOST)";
				CODE_SIGN_STYLE = Automatic;
				DEVELOPMENT_TEAM = 5KQL8V98V9;
				INFOPLIST_FILE = OntheMap_v1.1Tests/Info.plist;
				IPHONEOS_DEPLOYMENT_TARGET = 13.2;
				LD_RUNPATH_SEARCH_PATHS = (
					"$(inherited)",
					"@executable_path/Frameworks",
					"@loader_path/Frameworks",
				);
				PRODUCT_BUNDLE_IDENTIFIER = "Do-Hyung-Joo.OntheMap-v1-1Tests";
				PRODUCT_NAME = "$(TARGET_NAME)";
				SWIFT_VERSION = 5.0;
				TARGETED_DEVICE_FAMILY = "1,2";
				TEST_HOST = "$(BUILT_PRODUCTS_DIR)/OntheMap_v1.1.app/OntheMap_v1.1";
			};
			name = Release;
		};
		8FB18698241FE2FA0003EDA8 /* Debug */ = {
			isa = XCBuildConfiguration;
			buildSettings = {
				ALWAYS_EMBED_SWIFT_STANDARD_LIBRARIES = YES;
				CODE_SIGN_STYLE = Automatic;
				DEVELOPMENT_TEAM = 5KQL8V98V9;
				INFOPLIST_FILE = OntheMap_v1.1UITests/Info.plist;
				LD_RUNPATH_SEARCH_PATHS = (
					"$(inherited)",
					"@executable_path/Frameworks",
					"@loader_path/Frameworks",
				);
				PRODUCT_BUNDLE_IDENTIFIER = "Do-Hyung-Joo.OntheMap-v1-1UITests";
				PRODUCT_NAME = "$(TARGET_NAME)";
				SWIFT_VERSION = 5.0;
				TARGETED_DEVICE_FAMILY = "1,2";
				TEST_TARGET_NAME = OntheMap_v1.1;
			};
			name = Debug;
		};
		8FB18699241FE2FA0003EDA8 /* Release */ = {
			isa = XCBuildConfiguration;
			buildSettings = {
				ALWAYS_EMBED_SWIFT_STANDARD_LIBRARIES = YES;
				CODE_SIGN_STYLE = Automatic;
				DEVELOPMENT_TEAM = 5KQL8V98V9;
				INFOPLIST_FILE = OntheMap_v1.1UITests/Info.plist;
				LD_RUNPATH_SEARCH_PATHS = (
					"$(inherited)",
					"@executable_path/Frameworks",
					"@loader_path/Frameworks",
				);
				PRODUCT_BUNDLE_IDENTIFIER = "Do-Hyung-Joo.OntheMap-v1-1UITests";
				PRODUCT_NAME = "$(TARGET_NAME)";
				SWIFT_VERSION = 5.0;
				TARGETED_DEVICE_FAMILY = "1,2";
				TEST_TARGET_NAME = OntheMap_v1.1;
			};
			name = Release;
		};
/* End XCBuildConfiguration section */

/* Begin XCConfigurationList section */
		8FB18662241FE2F80003EDA8 /* Build configuration list for PBXProject "OntheMap_v1.1" */ = {
			isa = XCConfigurationList;
			buildConfigurations = (
				8FB1868F241FE2FA0003EDA8 /* Debug */,
				8FB18690241FE2FA0003EDA8 /* Release */,
			);
			defaultConfigurationIsVisible = 0;
			defaultConfigurationName = Release;
		};
		8FB18691241FE2FA0003EDA8 /* Build configuration list for PBXNativeTarget "OntheMap_v1.1" */ = {
			isa = XCConfigurationList;
			buildConfigurations = (
				8FB18692241FE2FA0003EDA8 /* Debug */,
				8FB18693241FE2FA0003EDA8 /* Release */,
			);
			defaultConfigurationIsVisible = 0;
			defaultConfigurationName = Release;
		};
		8FB18694241FE2FA0003EDA8 /* Build configuration list for PBXNativeTarget "OntheMap_v1.1Tests" */ = {
			isa = XCConfigurationList;
			buildConfigurations = (
				8FB18695241FE2FA0003EDA8 /* Debug */,
				8FB18696241FE2FA0003EDA8 /* Release */,
			);
			defaultConfigurationIsVisible = 0;
			defaultConfigurationName = Release;
		};
		8FB18697241FE2FA0003EDA8 /* Build configuration list for PBXNativeTarget "OntheMap_v1.1UITests" */ = {
			isa = XCConfigurationList;
			buildConfigurations = (
				8FB18698241FE2FA0003EDA8 /* Debug */,
				8FB18699241FE2FA0003EDA8 /* Release */,
			);
			defaultConfigurationIsVisible = 0;
			defaultConfigurationName = Release;
		};
/* End XCConfigurationList section */
	};
	rootObject = 8FB1865F241FE2F80003EDA8 /* Project object */;
}
